// !$*UTF8*$!
{
	archiveVersion = 1;
	classes = {
	};
	objectVersion = 55;
	objects = {

/* Begin PBXBuildFile section */
		457F4951285D3A90008B677E /* syncApp.swift in Sources */ = {isa = PBXBuildFile; fileRef = 457F4950285D3A90008B677E /* syncApp.swift */; };
		457F4953285D3A90008B677E /* ContentView.swift in Sources */ = {isa = PBXBuildFile; fileRef = 457F4952285D3A90008B677E /* ContentView.swift */; };
		457F4955285D3A91008B677E /* Assets.xcassets in Resources */ = {isa = PBXBuildFile; fileRef = 457F4954285D3A91008B677E /* Assets.xcassets */; };
		457F4958285D3A91008B677E /* Preview Assets.xcassets in Resources */ = {isa = PBXBuildFile; fileRef = 457F4957285D3A91008B677E /* Preview Assets.xcassets */; };
		457F495C285D3A91008B677E /* sync WatchKit App.app in Embed Watch Content */ = {isa = PBXBuildFile; fileRef = 457F495B285D3A91008B677E /* sync WatchKit App.app */; settings = {ATTRIBUTES = (RemoveHeadersOnCopy, ); }; };
		457F4961285D3A93008B677E /* Assets.xcassets in Resources */ = {isa = PBXBuildFile; fileRef = 457F4960285D3A93008B677E /* Assets.xcassets */; };
		457F4967285D3A93008B677E /* sync WatchKit Extension.appex in Embed App Extensions */ = {isa = PBXBuildFile; fileRef = 457F4966285D3A93008B677E /* sync WatchKit Extension.appex */; settings = {ATTRIBUTES = (RemoveHeadersOnCopy, ); }; };
		457F496C285D3A93008B677E /* syncApp.swift in Sources */ = {isa = PBXBuildFile; fileRef = 457F496B285D3A93008B677E /* syncApp.swift */; };
		457F496E285D3A93008B677E /* ContentView.swift in Sources */ = {isa = PBXBuildFile; fileRef = 457F496D285D3A93008B677E /* ContentView.swift */; };
		457F4970285D3A93008B677E /* NotificationController.swift in Sources */ = {isa = PBXBuildFile; fileRef = 457F496F285D3A93008B677E /* NotificationController.swift */; };
		457F4972285D3A93008B677E /* NotificationView.swift in Sources */ = {isa = PBXBuildFile; fileRef = 457F4971285D3A93008B677E /* NotificationView.swift */; };
		457F4974285D3A93008B677E /* ComplicationController.swift in Sources */ = {isa = PBXBuildFile; fileRef = 457F4973285D3A93008B677E /* ComplicationController.swift */; };
		457F4976285D3A94008B677E /* Assets.xcassets in Resources */ = {isa = PBXBuildFile; fileRef = 457F4975285D3A94008B677E /* Assets.xcassets */; };
		457F4979285D3A94008B677E /* Preview Assets.xcassets in Resources */ = {isa = PBXBuildFile; fileRef = 457F4978285D3A94008B677E /* Preview Assets.xcassets */; };
		457F498A285D3AC3008B677E /* SyncService.swift in Sources */ = {isa = PBXBuildFile; fileRef = 457F4989285D3AC3008B677E /* SyncService.swift */; };
		457F498B285D3AC9008B677E /* SyncService.swift in Sources */ = {isa = PBXBuildFile; fileRef = 457F4989285D3AC3008B677E /* SyncService.swift */; };
/* End PBXBuildFile section */

/* Begin PBXContainerItemProxy section */
		457F495D285D3A91008B677E /* PBXContainerItemProxy */ = {
			isa = PBXContainerItemProxy;
			containerPortal = 457F4945285D3A8F008B677E /* Project object */;
			proxyType = 1;
			remoteGlobalIDString = 457F495A285D3A91008B677E;
			remoteInfo = "sync WatchKit App";
		};
		457F4968285D3A93008B677E /* PBXContainerItemProxy */ = {
			isa = PBXContainerItemProxy;
			containerPortal = 457F4945285D3A8F008B677E /* Project object */;
			proxyType = 1;
			remoteGlobalIDString = 457F4965285D3A93008B677E;
			remoteInfo = "sync WatchKit Extension";
		};
/* End PBXContainerItemProxy section */

/* Begin PBXCopyFilesBuildPhase section */
		457F4981285D3A94008B677E /* Embed App Extensions */ = {
			isa = PBXCopyFilesBuildPhase;
			buildActionMask = 2147483647;
			dstPath = "";
			dstSubfolderSpec = 13;
			files = (
				457F4967285D3A93008B677E /* sync WatchKit Extension.appex in Embed App Extensions */,
			);
			name = "Embed App Extensions";
			runOnlyForDeploymentPostprocessing = 0;
		};
		457F4985285D3A94008B677E /* Embed Watch Content */ = {
			isa = PBXCopyFilesBuildPhase;
			buildActionMask = 2147483647;
			dstPath = "$(CONTENTS_FOLDER_PATH)/Watch";
			dstSubfolderSpec = 16;
			files = (
				457F495C285D3A91008B677E /* sync WatchKit App.app in Embed Watch Content */,
			);
			name = "Embed Watch Content";
			runOnlyForDeploymentPostprocessing = 0;
		};
/* End PBXCopyFilesBuildPhase section */

/* Begin PBXFileReference section */
		457F494D285D3A90008B677E /* sync.app */ = {isa = PBXFileReference; explicitFileType = wrapper.application; includeInIndex = 0; path = sync.app; sourceTree = BUILT_PRODUCTS_DIR; };
		457F4950285D3A90008B677E /* syncApp.swift */ = {isa = PBXFileReference; lastKnownFileType = sourcecode.swift; path = syncApp.swift; sourceTree = "<group>"; };
		457F4952285D3A90008B677E /* ContentView.swift */ = {isa = PBXFileReference; lastKnownFileType = sourcecode.swift; path = ContentView.swift; sourceTree = "<group>"; };
		457F4954285D3A91008B677E /* Assets.xcassets */ = {isa = PBXFileReference; lastKnownFileType = folder.assetcatalog; path = Assets.xcassets; sourceTree = "<group>"; };
		457F4957285D3A91008B677E /* Preview Assets.xcassets */ = {isa = PBXFileReference; lastKnownFileType = folder.assetcatalog; path = "Preview Assets.xcassets"; sourceTree = "<group>"; };
		457F495B285D3A91008B677E /* sync WatchKit App.app */ = {isa = PBXFileReference; explicitFileType = wrapper.application; includeInIndex = 0; path = "sync WatchKit App.app"; sourceTree = BUILT_PRODUCTS_DIR; };
		457F4960285D3A93008B677E /* Assets.xcassets */ = {isa = PBXFileReference; lastKnownFileType = folder.assetcatalog; path = Assets.xcassets; sourceTree = "<group>"; };
		457F4966285D3A93008B677E /* sync WatchKit Extension.appex */ = {isa = PBXFileReference; explicitFileType = "wrapper.app-extension"; includeInIndex = 0; path = "sync WatchKit Extension.appex"; sourceTree = BUILT_PRODUCTS_DIR; };
		457F496B285D3A93008B677E /* syncApp.swift */ = {isa = PBXFileReference; lastKnownFileType = sourcecode.swift; path = syncApp.swift; sourceTree = "<group>"; };
		457F496D285D3A93008B677E /* ContentView.swift */ = {isa = PBXFileReference; lastKnownFileType = sourcecode.swift; path = ContentView.swift; sourceTree = "<group>"; };
		457F496F285D3A93008B677E /* NotificationController.swift */ = {isa = PBXFileReference; lastKnownFileType = sourcecode.swift; path = NotificationController.swift; sourceTree = "<group>"; };
		457F4971285D3A93008B677E /* NotificationView.swift */ = {isa = PBXFileReference; lastKnownFileType = sourcecode.swift; path = NotificationView.swift; sourceTree = "<group>"; };
		457F4973285D3A93008B677E /* ComplicationController.swift */ = {isa = PBXFileReference; lastKnownFileType = sourcecode.swift; path = ComplicationController.swift; sourceTree = "<group>"; };
		457F4975285D3A94008B677E /* Assets.xcassets */ = {isa = PBXFileReference; lastKnownFileType = folder.assetcatalog; path = Assets.xcassets; sourceTree = "<group>"; };
		457F4978285D3A94008B677E /* Preview Assets.xcassets */ = {isa = PBXFileReference; lastKnownFileType = folder.assetcatalog; path = "Preview Assets.xcassets"; sourceTree = "<group>"; };
		457F497A285D3A94008B677E /* Info.plist */ = {isa = PBXFileReference; lastKnownFileType = text.plist.xml; path = Info.plist; sourceTree = "<group>"; };
		457F497B285D3A94008B677E /* PushNotificationPayload.apns */ = {isa = PBXFileReference; lastKnownFileType = text; path = PushNotificationPayload.apns; sourceTree = "<group>"; };
		457F4989285D3AC3008B677E /* SyncService.swift */ = {isa = PBXFileReference; lastKnownFileType = sourcecode.swift; path = SyncService.swift; sourceTree = "<group>"; };
/* End PBXFileReference section */

/* Begin PBXFrameworksBuildPhase section */
		457F494A285D3A90008B677E /* Frameworks */ = {
			isa = PBXFrameworksBuildPhase;
			buildActionMask = 2147483647;
			files = (
			);
			runOnlyForDeploymentPostprocessing = 0;
		};
		457F4963285D3A93008B677E /* Frameworks */ = {
			isa = PBXFrameworksBuildPhase;
			buildActionMask = 2147483647;
			files = (
			);
			runOnlyForDeploymentPostprocessing = 0;
		};
/* End PBXFrameworksBuildPhase section */

/* Begin PBXGroup section */
		457F4944285D3A8F008B677E = {
			isa = PBXGroup;
			children = (
				457F494F285D3A90008B677E /* sync */,
				457F495F285D3A91008B677E /* sync WatchKit App */,
				457F496A285D3A93008B677E /* sync WatchKit Extension */,
				457F494E285D3A90008B677E /* Products */,
			);
			sourceTree = "<group>";
		};
		457F494E285D3A90008B677E /* Products */ = {
			isa = PBXGroup;
			children = (
				457F494D285D3A90008B677E /* sync.app */,
				457F495B285D3A91008B677E /* sync WatchKit App.app */,
				457F4966285D3A93008B677E /* sync WatchKit Extension.appex */,
			);
			name = Products;
			sourceTree = "<group>";
		};
		457F494F285D3A90008B677E /* sync */ = {
			isa = PBXGroup;
			children = (
				457F4950285D3A90008B677E /* syncApp.swift */,
				457F4952285D3A90008B677E /* ContentView.swift */,
				457F4954285D3A91008B677E /* Assets.xcassets */,
				457F4956285D3A91008B677E /* Preview Content */,
				457F4989285D3AC3008B677E /* SyncService.swift */,
			);
			path = sync;
			sourceTree = "<group>";
		};
		457F4956285D3A91008B677E /* Preview Content */ = {
			isa = PBXGroup;
			children = (
				457F4957285D3A91008B677E /* Preview Assets.xcassets */,
			);
			path = "Preview Content";
			sourceTree = "<group>";
		};
		457F495F285D3A91008B677E /* sync WatchKit App */ = {
			isa = PBXGroup;
			children = (
				457F4960285D3A93008B677E /* Assets.xcassets */,
			);
			path = "sync WatchKit App";
			sourceTree = "<group>";
		};
		457F496A285D3A93008B677E /* sync WatchKit Extension */ = {
			isa = PBXGroup;
			children = (
				457F496B285D3A93008B677E /* syncApp.swift */,
				457F496D285D3A93008B677E /* ContentView.swift */,
				457F496F285D3A93008B677E /* NotificationController.swift */,
				457F4971285D3A93008B677E /* NotificationView.swift */,
				457F4973285D3A93008B677E /* ComplicationController.swift */,
				457F4975285D3A94008B677E /* Assets.xcassets */,
				457F497A285D3A94008B677E /* Info.plist */,
				457F497B285D3A94008B677E /* PushNotificationPayload.apns */,
				457F4977285D3A94008B677E /* Preview Content */,
			);
			path = "sync WatchKit Extension";
			sourceTree = "<group>";
		};
		457F4977285D3A94008B677E /* Preview Content */ = {
			isa = PBXGroup;
			children = (
				457F4978285D3A94008B677E /* Preview Assets.xcassets */,
			);
			path = "Preview Content";
			sourceTree = "<group>";
		};
/* End PBXGroup section */

/* Begin PBXNativeTarget section */
		457F494C285D3A90008B677E /* sync */ = {
			isa = PBXNativeTarget;
			buildConfigurationList = 457F4986285D3A94008B677E /* Build configuration list for PBXNativeTarget "sync" */;
			buildPhases = (
				457F4949285D3A90008B677E /* Sources */,
				457F494A285D3A90008B677E /* Frameworks */,
				457F494B285D3A90008B677E /* Resources */,
				457F4985285D3A94008B677E /* Embed Watch Content */,
			);
			buildRules = (
			);
			dependencies = (
				457F495E285D3A91008B677E /* PBXTargetDependency */,
			);
			name = sync;
			productName = sync;
			productReference = 457F494D285D3A90008B677E /* sync.app */;
			productType = "com.apple.product-type.application";
		};
		457F495A285D3A91008B677E /* sync WatchKit App */ = {
			isa = PBXNativeTarget;
			buildConfigurationList = 457F4982285D3A94008B677E /* Build configuration list for PBXNativeTarget "sync WatchKit App" */;
			buildPhases = (
				457F4959285D3A91008B677E /* Resources */,
				457F4981285D3A94008B677E /* Embed App Extensions */,
			);
			buildRules = (
			);
			dependencies = (
				457F4969285D3A93008B677E /* PBXTargetDependency */,
			);
			name = "sync WatchKit App";
			productName = "sync WatchKit App";
			productReference = 457F495B285D3A91008B677E /* sync WatchKit App.app */;
			productType = "com.apple.product-type.application.watchapp2";
		};
		457F4965285D3A93008B677E /* sync WatchKit Extension */ = {
			isa = PBXNativeTarget;
			buildConfigurationList = 457F497E285D3A94008B677E /* Build configuration list for PBXNativeTarget "sync WatchKit Extension" */;
			buildPhases = (
				457F4962285D3A93008B677E /* Sources */,
				457F4963285D3A93008B677E /* Frameworks */,
				457F4964285D3A93008B677E /* Resources */,
			);
			buildRules = (
			);
			dependencies = (
			);
			name = "sync WatchKit Extension";
			productName = "sync WatchKit Extension";
			productReference = 457F4966285D3A93008B677E /* sync WatchKit Extension.appex */;
			productType = "com.apple.product-type.watchkit2-extension";
		};
/* End PBXNativeTarget section */

/* Begin PBXProject section */
		457F4945285D3A8F008B677E /* Project object */ = {
			isa = PBXProject;
			attributes = {
				BuildIndependentTargetsInParallel = 1;
				LastSwiftUpdateCheck = 1340;
				LastUpgradeCheck = 1340;
				TargetAttributes = {
					457F494C285D3A90008B677E = {
						CreatedOnToolsVersion = 13.4.1;
					};
					457F495A285D3A91008B677E = {
						CreatedOnToolsVersion = 13.4.1;
					};
					457F4965285D3A93008B677E = {
						CreatedOnToolsVersion = 13.4.1;
					};
				};
			};
			buildConfigurationList = 457F4948285D3A8F008B677E /* Build configuration list for PBXProject "sync" */;
			compatibilityVersion = "Xcode 13.0";
			developmentRegion = en;
			hasScannedForEncodings = 0;
			knownRegions = (
				en,
				Base,
			);
			mainGroup = 457F4944285D3A8F008B677E;
			productRefGroup = 457F494E285D3A90008B677E /* Products */;
			projectDirPath = "";
			projectRoot = "";
			targets = (
				457F494C285D3A90008B677E /* sync */,
				457F495A285D3A91008B677E /* sync WatchKit App */,
				457F4965285D3A93008B677E /* sync WatchKit Extension */,
			);
		};
/* End PBXProject section */

/* Begin PBXResourcesBuildPhase section */
		457F494B285D3A90008B677E /* Resources */ = {
			isa = PBXResourcesBuildPhase;
			buildActionMask = 2147483647;
			files = (
				457F4958285D3A91008B677E /* Preview Assets.xcassets in Resources */,
				457F4955285D3A91008B677E /* Assets.xcassets in Resources */,
			);
			runOnlyForDeploymentPostprocessing = 0;
		};
		457F4959285D3A91008B677E /* Resources */ = {
			isa = PBXResourcesBuildPhase;
			buildActionMask = 2147483647;
			files = (
				457F4961285D3A93008B677E /* Assets.xcassets in Resources */,
			);
			runOnlyForDeploymentPostprocessing = 0;
		};
		457F4964285D3A93008B677E /* Resources */ = {
			isa = PBXResourcesBuildPhase;
			buildActionMask = 2147483647;
			files = (
				457F4979285D3A94008B677E /* Preview Assets.xcassets in Resources */,
				457F4976285D3A94008B677E /* Assets.xcassets in Resources */,
			);
			runOnlyForDeploymentPostprocessing = 0;
		};
/* End PBXResourcesBuildPhase section */

/* Begin PBXSourcesBuildPhase section */
		457F4949285D3A90008B677E /* Sources */ = {
			isa = PBXSourcesBuildPhase;
			buildActionMask = 2147483647;
			files = (
				457F4953285D3A90008B677E /* ContentView.swift in Sources */,
				457F4951285D3A90008B677E /* syncApp.swift in Sources */,
				457F498A285D3AC3008B677E /* SyncService.swift in Sources */,
			);
			runOnlyForDeploymentPostprocessing = 0;
		};
		457F4962285D3A93008B677E /* Sources */ = {
			isa = PBXSourcesBuildPhase;
			buildActionMask = 2147483647;
			files = (
				457F4970285D3A93008B677E /* NotificationController.swift in Sources */,
				457F496E285D3A93008B677E /* ContentView.swift in Sources */,
				457F498B285D3AC9008B677E /* SyncService.swift in Sources */,
				457F4974285D3A93008B677E /* ComplicationController.swift in Sources */,
				457F496C285D3A93008B677E /* syncApp.swift in Sources */,
				457F4972285D3A93008B677E /* NotificationView.swift in Sources */,
			);
			runOnlyForDeploymentPostprocessing = 0;
		};
/* End PBXSourcesBuildPhase section */

/* Begin PBXTargetDependency section */
		457F495E285D3A91008B677E /* PBXTargetDependency */ = {
			isa = PBXTargetDependency;
			target = 457F495A285D3A91008B677E /* sync WatchKit App */;
			targetProxy = 457F495D285D3A91008B677E /* PBXContainerItemProxy */;
		};
		457F4969285D3A93008B677E /* PBXTargetDependency */ = {
			isa = PBXTargetDependency;
			target = 457F4965285D3A93008B677E /* sync WatchKit Extension */;
			targetProxy = 457F4968285D3A93008B677E /* PBXContainerItemProxy */;
		};
/* End PBXTargetDependency section */

/* Begin XCBuildConfiguration section */
		457F497C285D3A94008B677E /* Debug */ = {
			isa = XCBuildConfiguration;
			buildSettings = {
				ALWAYS_SEARCH_USER_PATHS = NO;
				CLANG_ANALYZER_NONNULL = YES;
				CLANG_ANALYZER_NUMBER_OBJECT_CONVERSION = YES_AGGRESSIVE;
				CLANG_CXX_LANGUAGE_STANDARD = "gnu++17";
				CLANG_ENABLE_MODULES = YES;
				CLANG_ENABLE_OBJC_ARC = YES;
				CLANG_ENABLE_OBJC_WEAK = YES;
				CLANG_WARN_BLOCK_CAPTURE_AUTORELEASING = YES;
				CLANG_WARN_BOOL_CONVERSION = YES;
				CLANG_WARN_COMMA = YES;
				CLANG_WARN_CONSTANT_CONVERSION = YES;
				CLANG_WARN_DEPRECATED_OBJC_IMPLEMENTATIONS = YES;
				CLANG_WARN_DIRECT_OBJC_ISA_USAGE = YES_ERROR;
				CLANG_WARN_DOCUMENTATION_COMMENTS = YES;
				CLANG_WARN_EMPTY_BODY = YES;
				CLANG_WARN_ENUM_CONVERSION = YES;
				CLANG_WARN_INFINITE_RECURSION = YES;
				CLANG_WARN_INT_CONVERSION = YES;
				CLANG_WARN_NON_LITERAL_NULL_CONVERSION = YES;
				CLANG_WARN_OBJC_IMPLICIT_RETAIN_SELF = YES;
				CLANG_WARN_OBJC_LITERAL_CONVERSION = YES;
				CLANG_WARN_OBJC_ROOT_CLASS = YES_ERROR;
				CLANG_WARN_QUOTED_INCLUDE_IN_FRAMEWORK_HEADER = YES;
				CLANG_WARN_RANGE_LOOP_ANALYSIS = YES;
				CLANG_WARN_STRICT_PROTOTYPES = YES;
				CLANG_WARN_SUSPICIOUS_MOVE = YES;
				CLANG_WARN_UNGUARDED_AVAILABILITY = YES_AGGRESSIVE;
				CLANG_WARN_UNREACHABLE_CODE = YES;
				CLANG_WARN__DUPLICATE_METHOD_MATCH = YES;
				COPY_PHASE_STRIP = NO;
				DEBUG_INFORMATION_FORMAT = dwarf;
				ENABLE_STRICT_OBJC_MSGSEND = YES;
				ENABLE_TESTABILITY = YES;
				GCC_C_LANGUAGE_STANDARD = gnu11;
				GCC_DYNAMIC_NO_PIC = NO;
				GCC_NO_COMMON_BLOCKS = YES;
				GCC_OPTIMIZATION_LEVEL = 0;
				GCC_PREPROCESSOR_DEFINITIONS = (
					"DEBUG=1",
					"$(inherited)",
				);
				GCC_WARN_64_TO_32_BIT_CONVERSION = YES;
				GCC_WARN_ABOUT_RETURN_TYPE = YES_ERROR;
				GCC_WARN_UNDECLARED_SELECTOR = YES;
				GCC_WARN_UNINITIALIZED_AUTOS = YES_AGGRESSIVE;
				GCC_WARN_UNUSED_FUNCTION = YES;
				GCC_WARN_UNUSED_VARIABLE = YES;
				MTL_ENABLE_DEBUG_INFO = INCLUDE_SOURCE;
				MTL_FAST_MATH = YES;
				ONLY_ACTIVE_ARCH = YES;
				SWIFT_ACTIVE_COMPILATION_CONDITIONS = DEBUG;
				SWIFT_OPTIMIZATION_LEVEL = "-Onone";
			};
			name = Debug;
		};
		457F497D285D3A94008B677E /* Release */ = {
			isa = XCBuildConfiguration;
			buildSettings = {
				ALWAYS_SEARCH_USER_PATHS = NO;
				CLANG_ANALYZER_NONNULL = YES;
				CLANG_ANALYZER_NUMBER_OBJECT_CONVERSION = YES_AGGRESSIVE;
				CLANG_CXX_LANGUAGE_STANDARD = "gnu++17";
				CLANG_ENABLE_MODULES = YES;
				CLANG_ENABLE_OBJC_ARC = YES;
				CLANG_ENABLE_OBJC_WEAK = YES;
				CLANG_WARN_BLOCK_CAPTURE_AUTORELEASING = YES;
				CLANG_WARN_BOOL_CONVERSION = YES;
				CLANG_WARN_COMMA = YES;
				CLANG_WARN_CONSTANT_CONVERSION = YES;
				CLANG_WARN_DEPRECATED_OBJC_IMPLEMENTATIONS = YES;
				CLANG_WARN_DIRECT_OBJC_ISA_USAGE = YES_ERROR;
				CLANG_WARN_DOCUMENTATION_COMMENTS = YES;
				CLANG_WARN_EMPTY_BODY = YES;
				CLANG_WARN_ENUM_CONVERSION = YES;
				CLANG_WARN_INFINITE_RECURSION = YES;
				CLANG_WARN_INT_CONVERSION = YES;
				CLANG_WARN_NON_LITERAL_NULL_CONVERSION = YES;
				CLANG_WARN_OBJC_IMPLICIT_RETAIN_SELF = YES;
				CLANG_WARN_OBJC_LITERAL_CONVERSION = YES;
				CLANG_WARN_OBJC_ROOT_CLASS = YES_ERROR;
				CLANG_WARN_QUOTED_INCLUDE_IN_FRAMEWORK_HEADER = YES;
				CLANG_WARN_RANGE_LOOP_ANALYSIS = YES;
				CLANG_WARN_STRICT_PROTOTYPES = YES;
				CLANG_WARN_SUSPICIOUS_MOVE = YES;
				CLANG_WARN_UNGUARDED_AVAILABILITY = YES_AGGRESSIVE;
				CLANG_WARN_UNREACHABLE_CODE = YES;
				CLANG_WARN__DUPLICATE_METHOD_MATCH = YES;
				COPY_PHASE_STRIP = NO;
				DEBUG_INFORMATION_FORMAT = "dwarf-with-dsym";
				ENABLE_NS_ASSERTIONS = NO;
				ENABLE_STRICT_OBJC_MSGSEND = YES;
				GCC_C_LANGUAGE_STANDARD = gnu11;
				GCC_NO_COMMON_BLOCKS = YES;
				GCC_WARN_64_TO_32_BIT_CONVERSION = YES;
				GCC_WARN_ABOUT_RETURN_TYPE = YES_ERROR;
				GCC_WARN_UNDECLARED_SELECTOR = YES;
				GCC_WARN_UNINITIALIZED_AUTOS = YES_AGGRESSIVE;
				GCC_WARN_UNUSED_FUNCTION = YES;
				GCC_WARN_UNUSED_VARIABLE = YES;
				MTL_ENABLE_DEBUG_INFO = NO;
				MTL_FAST_MATH = YES;
				SWIFT_COMPILATION_MODE = wholemodule;
				SWIFT_OPTIMIZATION_LEVEL = "-O";
			};
			name = Release;
		};
		457F497F285D3A94008B677E /* Debug */ = {
			isa = XCBuildConfiguration;
			buildSettings = {
				ASSETCATALOG_COMPILER_COMPLICATION_NAME = Complication;
				CODE_SIGN_STYLE = Automatic;
				CURRENT_PROJECT_VERSION = 1;
				DEVELOPMENT_ASSET_PATHS = "\"sync WatchKit Extension/Preview Content\"";
				DEVELOPMENT_TEAM = 7UJA5RT28Y;
				ENABLE_PREVIEWS = YES;
				GENERATE_INFOPLIST_FILE = YES;
				INFOPLIST_FILE = "sync WatchKit Extension/Info.plist";
				INFOPLIST_KEY_CFBundleDisplayName = "sync WatchKit Extension";
				INFOPLIST_KEY_CLKComplicationPrincipalClass = "$(PRODUCT_MODULE_NAME).ComplicationController";
				INFOPLIST_KEY_NSHumanReadableCopyright = "";
				INFOPLIST_KEY_WKRunsIndependentlyOfCompanionApp = YES;
				LD_RUNPATH_SEARCH_PATHS = (
					"$(inherited)",
					"@executable_path/Frameworks",
					"@executable_path/../../Frameworks",
				);
				MARKETING_VERSION = 1.0;
				PRODUCT_BUNDLE_IDENTIFIER = dev.libertus.blog.sync.watchkitapp.watchkitextension;
				PRODUCT_NAME = "${TARGET_NAME}";
				SDKROOT = watchos;
				SKIP_INSTALL = YES;
				SWIFT_EMIT_LOC_STRINGS = YES;
				SWIFT_VERSION = 5.0;
				TARGETED_DEVICE_FAMILY = 4;
				WATCHOS_DEPLOYMENT_TARGET = 8.5;
			};
			name = Debug;
		};
		457F4980285D3A94008B677E /* Release */ = {
			isa = XCBuildConfiguration;
			buildSettings = {
				ASSETCATALOG_COMPILER_COMPLICATION_NAME = Complication;
				CODE_SIGN_STYLE = Automatic;
				CURRENT_PROJECT_VERSION = 1;
				DEVELOPMENT_ASSET_PATHS = "\"sync WatchKit Extension/Preview Content\"";
				DEVELOPMENT_TEAM = 7UJA5RT28Y;
				ENABLE_PREVIEWS = YES;
				GENERATE_INFOPLIST_FILE = YES;
				INFOPLIST_FILE = "sync WatchKit Extension/Info.plist";
				INFOPLIST_KEY_CFBundleDisplayName = "sync WatchKit Extension";
				INFOPLIST_KEY_CLKComplicationPrincipalClass = "$(PRODUCT_MODULE_NAME).ComplicationController";
				INFOPLIST_KEY_NSHumanReadableCopyright = "";
				INFOPLIST_KEY_WKRunsIndependentlyOfCompanionApp = YES;
				LD_RUNPATH_SEARCH_PATHS = (
					"$(inherited)",
					"@executable_path/Frameworks",
					"@executable_path/../../Frameworks",
				);
				MARKETING_VERSION = 1.0;
				PRODUCT_BUNDLE_IDENTIFIER = dev.libertus.blog.sync.watchkitapp.watchkitextension;
				PRODUCT_NAME = "${TARGET_NAME}";
				SDKROOT = watchos;
				SKIP_INSTALL = YES;
				SWIFT_EMIT_LOC_STRINGS = YES;
				SWIFT_VERSION = 5.0;
				TARGETED_DEVICE_FAMILY = 4;
				VALIDATE_PRODUCT = YES;
				WATCHOS_DEPLOYMENT_TARGET = 8.5;
			};
			name = Release;
		};
		457F4983285D3A94008B677E /* Debug */ = {
			isa = XCBuildConfiguration;
			buildSettings = {
				ALWAYS_EMBED_SWIFT_STANDARD_LIBRARIES = YES;
				ASSETCATALOG_COMPILER_APPICON_NAME = AppIcon;
				ASSETCATALOG_COMPILER_GLOBAL_ACCENT_COLOR_NAME = AccentColor;
				CODE_SIGN_STYLE = Automatic;
				CURRENT_PROJECT_VERSION = 1;
				DEVELOPMENT_TEAM = 7UJA5RT28Y;
				GENERATE_INFOPLIST_FILE = YES;
				IBSC_MODULE = sync_WatchKit_Extension;
				INFOPLIST_KEY_CFBundleDisplayName = "sync WatchKit App";
				INFOPLIST_KEY_UISupportedInterfaceOrientations = "UIInterfaceOrientationPortrait UIInterfaceOrientationPortraitUpsideDown";
				INFOPLIST_KEY_WKCompanionAppBundleIdentifier = dev.libertus.blog.sync;
				MARKETING_VERSION = 1.0;
				PRODUCT_BUNDLE_IDENTIFIER = dev.libertus.blog.sync.watchkitapp;
				PRODUCT_NAME = "$(TARGET_NAME)";
				SDKROOT = watchos;
				SKIP_INSTALL = YES;
				SWIFT_EMIT_LOC_STRINGS = YES;
				SWIFT_VERSION = 5.0;
				TARGETED_DEVICE_FAMILY = 4;
				WATCHOS_DEPLOYMENT_TARGET = 8.5;
			};
			name = Debug;
		};
		457F4984285D3A94008B677E /* Release */ = {
			isa = XCBuildConfiguration;
			buildSettings = {
				ALWAYS_EMBED_SWIFT_STANDARD_LIBRARIES = YES;
				ASSETCATALOG_COMPILER_APPICON_NAME = AppIcon;
				ASSETCATALOG_COMPILER_GLOBAL_ACCENT_COLOR_NAME = AccentColor;
				CODE_SIGN_STYLE = Automatic;
				CURRENT_PROJECT_VERSION = 1;
				DEVELOPMENT_TEAM = 7UJA5RT28Y;
				GENERATE_INFOPLIST_FILE = YES;
				IBSC_MODULE = sync_WatchKit_Extension;
				INFOPLIST_KEY_CFBundleDisplayName = "sync WatchKit App";
				INFOPLIST_KEY_UISupportedInterfaceOrientations = "UIInterfaceOrientationPortrait UIInterfaceOrientationPortraitUpsideDown";
				INFOPLIST_KEY_WKCompanionAppBundleIdentifier = dev.libertus.blog.sync;
				MARKETING_VERSION = 1.0;
				PRODUCT_BUNDLE_IDENTIFIER = dev.libertus.blog.sync.watchkitapp;
				PRODUCT_NAME = "$(TARGET_NAME)";
				SDKROOT = watchos;
				SKIP_INSTALL = YES;
				SWIFT_EMIT_LOC_STRINGS = YES;
				SWIFT_VERSION = 5.0;
				TARGETED_DEVICE_FAMILY = 4;
				VALIDATE_PRODUCT = YES;
				WATCHOS_DEPLOYMENT_TARGET = 8.5;
			};
			name = Release;
		};
		457F4987285D3A94008B677E /* Debug */ = {
			isa = XCBuildConfiguration;
			buildSettings = {
				ASSETCATALOG_COMPILER_APPICON_NAME = AppIcon;
				ASSETCATALOG_COMPILER_GLOBAL_ACCENT_COLOR_NAME = AccentColor;
				CODE_SIGN_STYLE = Automatic;
				CURRENT_PROJECT_VERSION = 1;
				DEVELOPMENT_ASSET_PATHS = "\"sync/Preview Content\"";
				DEVELOPMENT_TEAM = 7UJA5RT28Y;
				ENABLE_PREVIEWS = YES;
				GENERATE_INFOPLIST_FILE = YES;
				INFOPLIST_KEY_UIApplicationSceneManifest_Generation = YES;
				INFOPLIST_KEY_UIApplicationSupportsIndirectInputEvents = YES;
				INFOPLIST_KEY_UILaunchScreen_Generation = YES;
				INFOPLIST_KEY_UISupportedInterfaceOrientations_iPad = "UIInterfaceOrientationPortrait UIInterfaceOrientationPortraitUpsideDown UIInterfaceOrientationLandscapeLeft UIInterfaceOrientationLandscapeRight";
				INFOPLIST_KEY_UISupportedInterfaceOrientations_iPhone = "UIInterfaceOrientationPortrait UIInterfaceOrientationLandscapeLeft UIInterfaceOrientationLandscapeRight";
				IPHONEOS_DEPLOYMENT_TARGET = 15.5;
				LD_RUNPATH_SEARCH_PATHS = (
					"$(inherited)",
					"@executable_path/Frameworks",
				);
				MARKETING_VERSION = 1.0;
				PRODUCT_BUNDLE_IDENTIFIER = dev.libertus.blog.sync;
				PRODUCT_NAME = "$(TARGET_NAME)";
				SDKROOT = iphoneos;
				SWIFT_EMIT_LOC_STRINGS = YES;
				SWIFT_VERSION = 5.0;
				TARGETED_DEVICE_FAMILY = "1,2";
			};
			name = Debug;
		};
		457F4988285D3A94008B677E /* Release */ = {
			isa = XCBuildConfiguration;
			buildSettings = {
				ASSETCATALOG_COMPILER_APPICON_NAME = AppIcon;
				ASSETCATALOG_COMPILER_GLOBAL_ACCENT_COLOR_NAME = AccentColor;
				CODE_SIGN_STYLE = Automatic;
				CURRENT_PROJECT_VERSION = 1;
				DEVELOPMENT_ASSET_PATHS = "\"sync/Preview Content\"";
				DEVELOPMENT_TEAM = 7UJA5RT28Y;
				ENABLE_PREVIEWS = YES;
				GENERATE_INFOPLIST_FILE = YES;
				INFOPLIST_KEY_UIApplicationSceneManifest_Generation = YES;
				INFOPLIST_KEY_UIApplicationSupportsIndirectInputEvents = YES;
				INFOPLIST_KEY_UILaunchScreen_Generation = YES;
				INFOPLIST_KEY_UISupportedInterfaceOrientations_iPad = "UIInterfaceOrientationPortrait UIInterfaceOrientationPortraitUpsideDown UIInterfaceOrientationLandscapeLeft UIInterfaceOrientationLandscapeRight";
				INFOPLIST_KEY_UISupportedInterfaceOrientations_iPhone = "UIInterfaceOrientationPortrait UIInterfaceOrientationLandscapeLeft UIInterfaceOrientationLandscapeRight";
				IPHONEOS_DEPLOYMENT_TARGET = 15.5;
				LD_RUNPATH_SEARCH_PATHS = (
					"$(inherited)",
					"@executable_path/Frameworks",
				);
				MARKETING_VERSION = 1.0;
				PRODUCT_BUNDLE_IDENTIFIER = dev.libertus.blog.sync;
				PRODUCT_NAME = "$(TARGET_NAME)";
				SDKROOT = iphoneos;
				SWIFT_EMIT_LOC_STRINGS = YES;
				SWIFT_VERSION = 5.0;
				TARGETED_DEVICE_FAMILY = "1,2";
				VALIDATE_PRODUCT = YES;
			};
			name = Release;
		};
/* End XCBuildConfiguration section */

/* Begin XCConfigurationList section */
		457F4948285D3A8F008B677E /* Build configuration list for PBXProject "sync" */ = {
			isa = XCConfigurationList;
			buildConfigurations = (
				457F497C285D3A94008B677E /* Debug */,
				457F497D285D3A94008B677E /* Release */,
			);
			defaultConfigurationIsVisible = 0;
			defaultConfigurationName = Release;
		};
		457F497E285D3A94008B677E /* Build configuration list for PBXNativeTarget "sync WatchKit Extension" */ = {
			isa = XCConfigurationList;
			buildConfigurations = (
				457F497F285D3A94008B677E /* Debug */,
				457F4980285D3A94008B677E /* Release */,
			);
			defaultConfigurationIsVisible = 0;
			defaultConfigurationName = Release;
		};
		457F4982285D3A94008B677E /* Build configuration list for PBXNativeTarget "sync WatchKit App" */ = {
			isa = XCConfigurationList;
			buildConfigurations = (
				457F4983285D3A94008B677E /* Debug */,
				457F4984285D3A94008B677E /* Release */,
			);
			defaultConfigurationIsVisible = 0;
			defaultConfigurationName = Release;
		};
		457F4986285D3A94008B677E /* Build configuration list for PBXNativeTarget "sync" */ = {
			isa = XCConfigurationList;
			buildConfigurations = (
				457F4987285D3A94008B677E /* Debug */,
				457F4988285D3A94008B677E /* Release */,
			);
			defaultConfigurationIsVisible = 0;
			defaultConfigurationName = Release;
		};
/* End XCConfigurationList section */
	};
	rootObject = 457F4945285D3A8F008B677E /* Project object */;
}
