
Microsoft Visual Studio Solution File, Format Version 12.00
# Visual Studio Version 16
VisualStudioVersion = 16.0.31729.503
MinimumVisualStudioVersion = 10.0.40219.1
Project("{E53339B2-1760-4266-BCC7-CA923CBCF16C}") = "docker-compose", "docker-compose.dcproj", "{1E6591A4-2EB7-47D5-83EF-8A26BE66B01E}"
EndProject
Project("{9A19103F-16F7-4668-BE54-9A1E7A4F7556}") = "CosmosDbTest", "CosmosDbTest\CosmosDbTest.csproj", "{13B39AB5-43B6-4AAB-96D4-61B861A75527}"
EndProject
Global
	GlobalSection(SolutionConfigurationPlatforms) = preSolution
		Debug|Any CPU = Debug|Any CPU
		Release|Any CPU = Release|Any CPU
	EndGlobalSection
	GlobalSection(ProjectConfigurationPlatforms) = postSolution
		{1E6591A4-2EB7-47D5-83EF-8A26BE66B01E}.Debug|Any CPU.ActiveCfg = Debug|Any CPU
		{1E6591A4-2EB7-47D5-83EF-8A26BE66B01E}.Debug|Any CPU.Build.0 = Debug|Any CPU
		{1E6591A4-2EB7-47D5-83EF-8A26BE66B01E}.Release|Any CPU.ActiveCfg = Release|Any CPU
		{1E6591A4-2EB7-47D5-83EF-8A26BE66B01E}.Release|Any CPU.Build.0 = Release|Any CPU
		{13B39AB5-43B6-4AAB-96D4-61B861A75527}.Debug|Any CPU.ActiveCfg = Debug|Any CPU
		{13B39AB5-43B6-4AAB-96D4-61B861A75527}.Debug|Any CPU.Build.0 = Debug|Any CPU
		{13B39AB5-43B6-4AAB-96D4-61B861A75527}.Release|Any CPU.ActiveCfg = Release|Any CPU
		{13B39AB5-43B6-4AAB-96D4-61B861A75527}.Release|Any CPU.Build.0 = Release|Any CPU
	EndGlobalSection
	GlobalSection(SolutionProperties) = preSolution
		HideSolutionNode = FALSE
	EndGlobalSection
	GlobalSection(ExtensibilityGlobals) = postSolution
		SolutionGuid = {21E6F762-0D0B-4288-813F-8EDD304719DF}
	EndGlobalSection
EndGlobal
